
Microsoft Visual Studio Solution File, Format Version 12.00
# Visual Studio 15
VisualStudioVersion = 15.0.27703.1
MinimumVisualStudioVersion = 10.0.40219.1
Project("{FAE04EC0-301F-11D3-BF4B-00C04F79EFBC}") = "Traffic light", "Traffic light\Traffic light.csproj", "{EDC87685-226B-4D85-BFD8-5724C9D2B5EE}"
EndProject
Global
	GlobalSection(SolutionConfigurationPlatforms) = preSolution
		Debug|Any CPU = Debug|Any CPU
		Release|Any CPU = Release|Any CPU
	EndGlobalSection
	GlobalSection(ProjectConfigurationPlatforms) = postSolution
		{EDC87685-226B-4D85-BFD8-5724C9D2B5EE}.Debug|Any CPU.ActiveCfg = Debug|Any CPU
		{EDC87685-226B-4D85-BFD8-5724C9D2B5EE}.Debug|Any CPU.Build.0 = Debug|Any CPU
		{EDC87685-226B-4D85-BFD8-5724C9D2B5EE}.Release|Any CPU.ActiveCfg = Release|Any CPU
		{EDC87685-226B-4D85-BFD8-5724C9D2B5EE}.Release|Any CPU.Build.0 = Release|Any CPU
	EndGlobalSection
	GlobalSection(SolutionProperties) = preSolution
		HideSolutionNode = FALSE
	EndGlobalSection
	GlobalSection(ExtensibilityGlobals) = postSolution
		SolutionGuid = {A47C1324-86DE-4BA2-BC0A-8DFC5CD10503}
	EndGlobalSection
EndGlobal
